
Microsoft Visual Studio Solution File, Format Version 12.00
# Visual Studio Version 16
VisualStudioVersion = 16.0.28822.285
MinimumVisualStudioVersion = 10.0.40219.1
Project("{888888A0-9F3D-457C-B088-3A5042F75D52}") = "inversion", "inversion\inversion.pyproj", "{EBFC8AA6-4463-4102-831B-E6D2175C665A}"
EndProject
Project("{8BC9CEB8-8B4A-11D0-8D11-00A0C91BC942}") = "forward", "forward\forward.vcxproj", "{992E3957-D697-4129-BA03-1287956435AE}"
	ProjectSection(ProjectDependencies) = postProject
		{A35D840B-C760-41FF-891E-408ACB12AC1D} = {A35D840B-C760-41FF-891E-408ACB12AC1D}
		{6F809EA3-E948-4702-BD89-26E430A8E598} = {6F809EA3-E948-4702-BD89-26E430A8E598}
	EndProjectSection
EndProject
Project("{8BC9CEB8-8B4A-11D0-8D11-00A0C91BC942}") = "forward_gpu", "forward_gpu\forward_gpu.vcxproj", "{6F809EA3-E948-4702-BD89-26E430A8E598}"
	ProjectSection(ProjectDependencies) = postProject
		{A35D840B-C760-41FF-891E-408ACB12AC1D} = {A35D840B-C760-41FF-891E-408ACB12AC1D}
	EndProjectSection
EndProject
Project("{8BC9CEB8-8B4A-11D0-8D11-00A0C91BC942}") = "data", "data\data.vcxproj", "{06142C33-C66A-4BDD-8289-68F59333D1C6}"
	ProjectSection(ProjectDependencies) = postProject
		{A35D840B-C760-41FF-891E-408ACB12AC1D} = {A35D840B-C760-41FF-891E-408ACB12AC1D}
		{992E3957-D697-4129-BA03-1287956435AE} = {992E3957-D697-4129-BA03-1287956435AE}
		{6F809EA3-E948-4702-BD89-26E430A8E598} = {6F809EA3-E948-4702-BD89-26E430A8E598}
	EndProjectSection
EndProject
Project("{2150E333-8FDC-42A3-9474-1A3956D46DE8}") = "Solution Items", "Solution Items", "{21C5EFB0-1B78-4CBA-89EC-F4FEF12AA153}"
	ProjectSection(SolutionItems) = preProject
		Ps_all\ATEM_1D_Hz.m = Ps_all\ATEM_1D_Hz.m
		data_load_test.json = data_load_test.json
		Ps_all\dHzt_to_Hz.m = Ps_all\dHzt_to_Hz.m
		readme.md = readme.md
		Ps_all\Return_dHz_w.m = Ps_all\Return_dHz_w.m
		Ps_all\Return_Hz_t.m = Ps_all\Return_Hz_t.m
		test_geo_model.json = test_geo_model.json
	EndProjectSection
EndProject
Project("{8BC9CEB8-8B4A-11D0-8D11-00A0C91BC942}") = "global", "global\global.vcxproj", "{A35D840B-C760-41FF-891E-408ACB12AC1D}"
EndProject
Project("{8BC9CEB8-8B4A-11D0-8D11-00A0C91BC942}") = "test", "test\test.vcxproj", "{3D18B761-2DB2-4FB8-920A-F0514BA5C42E}"
	ProjectSection(ProjectDependencies) = postProject
		{A35D840B-C760-41FF-891E-408ACB12AC1D} = {A35D840B-C760-41FF-891E-408ACB12AC1D}
		{06142C33-C66A-4BDD-8289-68F59333D1C6} = {06142C33-C66A-4BDD-8289-68F59333D1C6}
		{992E3957-D697-4129-BA03-1287956435AE} = {992E3957-D697-4129-BA03-1287956435AE}
		{6F809EA3-E948-4702-BD89-26E430A8E598} = {6F809EA3-E948-4702-BD89-26E430A8E598}
	EndProjectSection
EndProject
Project("{2150E333-8FDC-42A3-9474-1A3956D46DE8}") = "matlab", "matlab", "{AC409790-F015-4C2D-B0A7-CD3A78ECFEF5}"
	ProjectSection(SolutionItems) = preProject
		Foward1D_Center\ATEM_1D_Hz.m = Foward1D_Center\ATEM_1D_Hz.m
		Foward1D_Center\cos_xs.txt = Foward1D_Center\cos_xs.txt
		Foward1D_Center\hankel0.txt = Foward1D_Center\hankel0.txt
		Foward1D_Center\hankel1.txt = Foward1D_Center\hankel1.txt
		Foward1D_Center\Return_dHz_w.m = Foward1D_Center\Return_dHz_w.m
		Foward1D_Center\Return_Hz_t.m = Foward1D_Center\Return_Hz_t.m
		Foward1D_Center\sin_xs.txt = Foward1D_Center\sin_xs.txt
		Foward1D_Center\zhengxian.txt = Foward1D_Center\zhengxian.txt
	EndProjectSection
EndProject
Project("{2150E333-8FDC-42A3-9474-1A3956D46DE8}") = "test_data", "test_data", "{BA29B7E2-7F83-4392-B781-5E1C342F4730}"
	ProjectSection(SolutionItems) = preProject
		test_data\cos_xs.txt = test_data\cos_xs.txt
		test_data\data_load_test.json = test_data\data_load_test.json
		test_data\data_save_test_geo.json = test_data\data_save_test_geo.json
		test_data\hankel1.txt = test_data\hankel1.txt
		test_data\save_test.json = test_data\save_test.json
		test_data\save_test2.json = test_data\save_test2.json
		test_data\save_test_forward.json = test_data\save_test_forward.json
		test_data\test_geo_model.json = test_data\test_geo_model.json
	EndProjectSection
EndProject
Global
	GlobalSection(SolutionConfigurationPlatforms) = preSolution
		Debug|Any CPU = Debug|Any CPU
		Debug|x64 = Debug|x64
		Debug|x86 = Debug|x86
		Release|Any CPU = Release|Any CPU
		Release|x64 = Release|x64
		Release|x86 = Release|x86
	EndGlobalSection
	GlobalSection(ProjectConfigurationPlatforms) = postSolution
		{EBFC8AA6-4463-4102-831B-E6D2175C665A}.Debug|Any CPU.ActiveCfg = Debug|Any CPU
		{EBFC8AA6-4463-4102-831B-E6D2175C665A}.Debug|x64.ActiveCfg = Debug|Any CPU
		{EBFC8AA6-4463-4102-831B-E6D2175C665A}.Debug|x86.ActiveCfg = Debug|Any CPU
		{EBFC8AA6-4463-4102-831B-E6D2175C665A}.Release|Any CPU.ActiveCfg = Debug|Any CPU
		{EBFC8AA6-4463-4102-831B-E6D2175C665A}.Release|x64.ActiveCfg = Debug|Any CPU
		{EBFC8AA6-4463-4102-831B-E6D2175C665A}.Release|x86.ActiveCfg = Debug|Any CPU
		{992E3957-D697-4129-BA03-1287956435AE}.Debug|Any CPU.ActiveCfg = Debug|Win32
		{992E3957-D697-4129-BA03-1287956435AE}.Debug|x64.ActiveCfg = Debug|x64
		{992E3957-D697-4129-BA03-1287956435AE}.Debug|x64.Build.0 = Debug|x64
		{992E3957-D697-4129-BA03-1287956435AE}.Debug|x86.ActiveCfg = Debug|Win32
		{992E3957-D697-4129-BA03-1287956435AE}.Debug|x86.Build.0 = Debug|Win32
		{992E3957-D697-4129-BA03-1287956435AE}.Release|Any CPU.ActiveCfg = Debug|Win32
		{992E3957-D697-4129-BA03-1287956435AE}.Release|x64.ActiveCfg = Release|x64
		{992E3957-D697-4129-BA03-1287956435AE}.Release|x64.Build.0 = Release|x64
		{992E3957-D697-4129-BA03-1287956435AE}.Release|x86.ActiveCfg = Debug|Win32
		{992E3957-D697-4129-BA03-1287956435AE}.Release|x86.Build.0 = Release|Win32
		{6F809EA3-E948-4702-BD89-26E430A8E598}.Debug|Any CPU.ActiveCfg = Debug|x64
		{6F809EA3-E948-4702-BD89-26E430A8E598}.Debug|x64.ActiveCfg = Debug|x64
		{6F809EA3-E948-4702-BD89-26E430A8E598}.Debug|x64.Build.0 = Debug|x64
		{6F809EA3-E948-4702-BD89-26E430A8E598}.Debug|x86.ActiveCfg = Debug|x64
		{6F809EA3-E948-4702-BD89-26E430A8E598}.Release|Any CPU.ActiveCfg = Debug|x64
		{6F809EA3-E948-4702-BD89-26E430A8E598}.Release|x64.ActiveCfg = Release|x64
		{6F809EA3-E948-4702-BD89-26E430A8E598}.Release|x64.Build.0 = Release|x64
		{6F809EA3-E948-4702-BD89-26E430A8E598}.Release|x86.ActiveCfg = Debug|x64
		{06142C33-C66A-4BDD-8289-68F59333D1C6}.Debug|Any CPU.ActiveCfg = Debug|Win32
		{06142C33-C66A-4BDD-8289-68F59333D1C6}.Debug|Any CPU.Build.0 = Debug|Win32
		{06142C33-C66A-4BDD-8289-68F59333D1C6}.Debug|x64.ActiveCfg = Debug|x64
		{06142C33-C66A-4BDD-8289-68F59333D1C6}.Debug|x64.Build.0 = Debug|x64
		{06142C33-C66A-4BDD-8289-68F59333D1C6}.Debug|x86.ActiveCfg = Debug|Win32
		{06142C33-C66A-4BDD-8289-68F59333D1C6}.Debug|x86.Build.0 = Debug|Win32
		{06142C33-C66A-4BDD-8289-68F59333D1C6}.Release|Any CPU.ActiveCfg = Debug|Win32
		{06142C33-C66A-4BDD-8289-68F59333D1C6}.Release|Any CPU.Build.0 = Debug|Win32
		{06142C33-C66A-4BDD-8289-68F59333D1C6}.Release|x64.ActiveCfg = Release|x64
		{06142C33-C66A-4BDD-8289-68F59333D1C6}.Release|x64.Build.0 = Release|x64
		{06142C33-C66A-4BDD-8289-68F59333D1C6}.Release|x86.ActiveCfg = Debug|Win32
		{06142C33-C66A-4BDD-8289-68F59333D1C6}.Release|x86.Build.0 = Debug|Win32
		{A35D840B-C760-41FF-891E-408ACB12AC1D}.Debug|Any CPU.ActiveCfg = Debug|Win32
		{A35D840B-C760-41FF-891E-408ACB12AC1D}.Debug|x64.ActiveCfg = Debug|x64
		{A35D840B-C760-41FF-891E-408ACB12AC1D}.Debug|x64.Build.0 = Debug|x64
		{A35D840B-C760-41FF-891E-408ACB12AC1D}.Debug|x86.ActiveCfg = Debug|Win32
		{A35D840B-C760-41FF-891E-408ACB12AC1D}.Debug|x86.Build.0 = Debug|Win32
		{A35D840B-C760-41FF-891E-408ACB12AC1D}.Release|Any CPU.ActiveCfg = Release|Win32
		{A35D840B-C760-41FF-891E-408ACB12AC1D}.Release|x64.ActiveCfg = Release|x64
		{A35D840B-C760-41FF-891E-408ACB12AC1D}.Release|x64.Build.0 = Release|x64
		{A35D840B-C760-41FF-891E-408ACB12AC1D}.Release|x86.ActiveCfg = Release|Win32
		{A35D840B-C760-41FF-891E-408ACB12AC1D}.Release|x86.Build.0 = Release|Win32
		{3D18B761-2DB2-4FB8-920A-F0514BA5C42E}.Debug|Any CPU.ActiveCfg = Debug|Win32
		{3D18B761-2DB2-4FB8-920A-F0514BA5C42E}.Debug|x64.ActiveCfg = Debug|x64
		{3D18B761-2DB2-4FB8-920A-F0514BA5C42E}.Debug|x64.Build.0 = Debug|x64
		{3D18B761-2DB2-4FB8-920A-F0514BA5C42E}.Debug|x86.ActiveCfg = Debug|Win32
		{3D18B761-2DB2-4FB8-920A-F0514BA5C42E}.Debug|x86.Build.0 = Debug|Win32
		{3D18B761-2DB2-4FB8-920A-F0514BA5C42E}.Release|Any CPU.ActiveCfg = Release|Win32
		{3D18B761-2DB2-4FB8-920A-F0514BA5C42E}.Release|x64.ActiveCfg = Release|x64
		{3D18B761-2DB2-4FB8-920A-F0514BA5C42E}.Release|x64.Build.0 = Release|x64
		{3D18B761-2DB2-4FB8-920A-F0514BA5C42E}.Release|x86.ActiveCfg = Release|Win32
		{3D18B761-2DB2-4FB8-920A-F0514BA5C42E}.Release|x86.Build.0 = Release|Win32
	EndGlobalSection
	GlobalSection(SolutionProperties) = preSolution
		HideSolutionNode = FALSE
	EndGlobalSection
	GlobalSection(ExtensibilityGlobals) = postSolution
		SolutionGuid = {223116F7-A694-429E-8899-1D3F65D706F0}
	EndGlobalSection
EndGlobal
